<?xml version="1.0" encoding="utf-8"?>
<Project ToolsVersion="4.0" xmlns="http://schemas.microsoft.com/developer/msbuild/2003">
  <ItemGroup>
    <Filter Include="Source Files">
      <UniqueIdentifier>{4FC737F1-C7A5-4376-A066-2A32D752A2FF}</UniqueIdentifier>
      <Extensions>cpp;c;cc;cxx;c++;cppm;ixx;def;odl;idl;hpj;bat;asm;asmx</Extensions>
    </Filter>
    <Filter Include="Header Files">
      <UniqueIdentifier>{93995380-89BD-4b04-88EB-625FBE52EBFB}</UniqueIdentifier>
      <Extensions>h;hh;hpp;hxx;h++;hm;inl;inc;ipp;xsd</Extensions>
    </Filter>
    <Filter Include="Resource Files">
      <UniqueIdentifier>{67DA6AB6-F800-4c08-8B7A-83BB121AAD01}</UniqueIdentifier>
      <Extensions>rc;ico;cur;bmp;dlg;rc2;rct;bin;rgs;gif;jpg;jpeg;jpe;resx;tiff;tif;png;wav;mfcribbon-ms</Extensions>
    </Filter>
    <Filter Include="Header Files\config">
      <UniqueIdentifier>{996ed7bd-6419-4262-b4b6-8aa5b9f0da53}</UniqueIdentifier>
    </Filter>
    <Filter Include="Header Files\smartPointers">
      <UniqueIdentifier>{9cf5217d-847d-4401-879b-ae0244187c72}</UniqueIdentifier>
    </Filter>
    <Filter Include="Header Files\plug-in">
      <UniqueIdentifier>{b0dc71d9-f89f-4ffe-b5cd-cb7ab59b2d60}</UniqueIdentifier>
    </Filter>
    <Filter Include="Source Files\plug-in">
      <UniqueIdentifier>{606e42f0-2047-4c40-9633-e3d79a3eb44f}</UniqueIdentifier>
    </Filter>
  </ItemGroup>
  <ItemGroup>
    <ClInclude Include="..\include\Hakool\Utils\hkVector2.h">
      <Filter>Header Files</Filter>
    </ClInclude>
    <ClInclude Include="..\include\Hakool\Utils\hkConfigPlatform.h">
      <Filter>Header Files\config</Filter>
    </ClInclude>
    <ClInclude Include="..\include\Hakool\Utils\hkConfigTypes.h">
      <Filter>Header Files\config</Filter>
    </ClInclude>
    <ClInclude Include="..\include\Hakool\Utils\hkConfigUtilities.h">
      <Filter>Header Files\config</Filter>
    </ClInclude>
    <ClInclude Include="..\include\Hakool\Utils\hkMath.h">
      <Filter>Header Files</Filter>
    </ClInclude>
    <ClInclude Include="..\include\Hakool\Utils\hkUtilsPrerequisites.h">
      <Filter>Header Files</Filter>
    </ClInclude>
    <ClInclude Include="..\include\Hakool\Utils\hkSharedPointer.h">
      <Filter>Header Files\smartPointers</Filter>
    </ClInclude>
    <ClInclude Include="..\include\Hakool\Utils\hkLogger.h">
      <Filter>Header Files</Filter>
    </ClInclude>
    <ClInclude Include="..\include\Hakool\Utils\hkModule.h">
      <Filter>Header Files</Filter>
    </ClInclude>
    <ClInclude Include="..\include\Hakool\Utils\hkLoggerConsole.h">
      <Filter>Header Files</Filter>
    </ClInclude>
    <ClInclude Include="..\include\Hakool\Utils\hkMatrix3.h">
      <Filter>Header Files</Filter>
    </ClInclude>
    <ClInclude Include="..\include\Hakool\Utils\hkVector3.h">
      <Filter>Header Files</Filter>
    </ClInclude>
    <ClInclude Include="..\include\Hakool\Utils\hkVector4.h">
      <Filter>Header Files</Filter>
    </ClInclude>
    <ClInclude Include="..\include\Hakool\Utils\hkMatrix4.h">
      <Filter>Header Files</Filter>
    </ClInclude>
    <ClInclude Include="..\include\Hakool\Utils\hkUtilitiesUtilities.h">
      <Filter>Header Files</Filter>
    </ClInclude>
    <ClInclude Include="..\include\Hakool\Utils\hkIPlugin.h">
      <Filter>Header Files\plug-in</Filter>
    </ClInclude>
    <ClInclude Include="..\include\Hakool\Utils\hkPluginSlotWin.h">
      <Filter>Header Files\plug-in</Filter>
    </ClInclude>
    <ClInclude Include="..\include\Hakool\Utils\hkIPluginSlot.h">
      <Filter>Header Files\plug-in</Filter>
    </ClInclude>
    <ClInclude Include="..\include\Hakool\Utils\hkPluginManager.h">
      <Filter>Header Files\plug-in</Filter>
    </ClInclude>
  </ItemGroup>
  <ItemGroup>
    <None Include="..\include\Hakool\Utils\hkModule.inl">
      <Filter>Header Files</Filter>
    </None>
  </ItemGroup>
  <ItemGroup>
    <ClCompile Include="src\hkMath.cpp">
      <Filter>Source Files</Filter>
    </ClCompile>
    <ClCompile Include="src\hkLogger.cpp">
      <Filter>Source Files</Filter>
    </ClCompile>
    <ClCompile Include="src\hkLoggerConsole.cpp">
      <Filter>Source Files</Filter>
    </ClCompile>
    <ClCompile Include="src\hkMatrix3.cpp">
      <Filter>Source Files</Filter>
    </ClCompile>
    <ClCompile Include="src\hkMatrix4.cpp">
      <Filter>Source Files</Filter>
    </ClCompile>
    <ClCompile Include="src\hkPluginManager.cpp">
      <Filter>Source Files\plug-in</Filter>
    </ClCompile>
    <ClCompile Include="src\hkPluginSlotWin.cpp">
      <Filter>Source Files\plug-in</Filter>
    </ClCompile>
  </ItemGroup>
</Project>