<?xml version="1.0" encoding="utf-8"?>
<Project ToolsVersion="4.0" xmlns="http://schemas.microsoft.com/developer/msbuild/2003">
  <ItemGroup>
    <Filter Include="Source Files">
      <UniqueIdentifier>{4FC737F1-C7A5-4376-A066-2A32D752A2FF}</UniqueIdentifier>
      <Extensions>cpp;c;cc;cxx;c++;cppm;ixx;def;odl;idl;hpj;bat;asm;asmx</Extensions>
    </Filter>
    <Filter Include="Header Files">
      <UniqueIdentifier>{93995380-89BD-4b04-88EB-625FBE52EBFB}</UniqueIdentifier>
      <Extensions>h;hh;hpp;hxx;h++;hm;inl;inc;ipp;xsd</Extensions>
    </Filter>
    <Filter Include="Resource Files">
      <UniqueIdentifier>{67DA6AB6-F800-4c08-8B7A-83BB121AAD01}</UniqueIdentifier>
      <Extensions>rc;ico;cur;bmp;dlg;rc2;rct;bin;rgs;gif;jpg;jpeg;jpe;resx;tiff;tif;png;wav;mfcribbon-ms</Extensions>
    </Filter>
    <Filter Include="Header Files\config">
      <UniqueIdentifier>{7eae67b5-1dc5-4264-894c-7a09f2cee895}</UniqueIdentifier>
    </Filter>
    <Filter Include="Header Files\graphics">
      <UniqueIdentifier>{5fa89246-ef39-47b1-95dd-97decb561c55}</UniqueIdentifier>
    </Filter>
    <Filter Include="Header Files\system">
      <UniqueIdentifier>{e2707290-7aa3-4acc-a08e-5899841ad2da}</UniqueIdentifier>
    </Filter>
    <Filter Include="Header Files\resource">
      <UniqueIdentifier>{3556dd57-82cc-4022-b9e7-63e902cc3b8d}</UniqueIdentifier>
    </Filter>
    <Filter Include="Source Files\resource">
      <UniqueIdentifier>{91203892-56a6-4281-a838-daf85a798a2d}</UniqueIdentifier>
    </Filter>
    <Filter Include="Header Files\scene">
      <UniqueIdentifier>{fcb2ec24-5962-4454-a71a-ae6b26c0ee7e}</UniqueIdentifier>
    </Filter>
    <Filter Include="Header Files\components">
      <UniqueIdentifier>{0bf174a8-e3a4-423e-a970-9bda7ae38f8c}</UniqueIdentifier>
    </Filter>
    <Filter Include="Source Files\components">
      <UniqueIdentifier>{99ee508d-0ded-49fc-abe1-b7ba0e91c795}</UniqueIdentifier>
    </Filter>
    <Filter Include="Source Files\scene">
      <UniqueIdentifier>{b8ba696c-355f-49f7-93c9-185813fe89f1}</UniqueIdentifier>
    </Filter>
    <Filter Include="Source Files\graphics">
      <UniqueIdentifier>{51824572-2a08-4777-ac16-b27e5c2a3e28}</UniqueIdentifier>
    </Filter>
  </ItemGroup>
  <ItemGroup>
    <ClCompile Include="src\hakool.cpp">
      <Filter>Source Files</Filter>
    </ClCompile>
    <ClCompile Include="src\hkEngineComponent.cpp">
      <Filter>Source Files</Filter>
    </ClCompile>
    <ClCompile Include="src\hkScene.cpp">
      <Filter>Source Files</Filter>
    </ClCompile>
    <ClCompile Include="src\hkSceneManager.cpp">
      <Filter>Source Files</Filter>
    </ClCompile>
    <ClCompile Include="src\hkResourceManager.cpp">
      <Filter>Source Files\resource</Filter>
    </ClCompile>
    <ClCompile Include="src\hkGameObject.cpp">
      <Filter>Source Files\scene</Filter>
    </ClCompile>
    <ClCompile Include="src\hkCamera.cpp">
      <Filter>Source Files\graphics</Filter>
    </ClCompile>
    <ClCompile Include="src\hkModelComponent.cpp">
      <Filter>Source Files\components</Filter>
    </ClCompile>
    <ClCompile Include="src\hkModel.cpp">
      <Filter>Source Files\graphics</Filter>
    </ClCompile>
    <ClCompile Include="src\hkMeshResourceGroup.cpp">
      <Filter>Source Files\resource</Filter>
    </ClCompile>
    <ClCompile Include="src\hkModelObserver.cpp">
      <Filter>Source Files\graphics</Filter>
    </ClCompile>
  </ItemGroup>
  <ItemGroup>
    <ClInclude Include="include\Hakool\Core\hakool.h">
      <Filter>Header Files</Filter>
    </ClInclude>
    <ClInclude Include="include\Hakool\Core\hkConfigCore.h">
      <Filter>Header Files\config</Filter>
    </ClInclude>
    <ClInclude Include="include\Hakool\Core\hkCorePrerequisites.h">
      <Filter>Header Files</Filter>
    </ClInclude>
    <ClInclude Include="include\Hakool\Core\hkEngineComponent.h">
      <Filter>Header Files\system</Filter>
    </ClInclude>
    <ClInclude Include="include\Hakool\Core\hkCoreUtilities.h">
      <Filter>Header Files</Filter>
    </ClInclude>
    <ClInclude Include="include\Hakool\Core\hkGraphicComponent.h">
      <Filter>Header Files\graphics</Filter>
    </ClInclude>
    <ClInclude Include="include\Hakool\Core\hkIContext.h">
      <Filter>Header Files\graphics</Filter>
    </ClInclude>
    <ClInclude Include="include\Hakool\Core\hkShader.h">
      <Filter>Header Files\graphics</Filter>
    </ClInclude>
    <ClInclude Include="include\Hakool\Core\hkIProgram.h">
      <Filter>Header Files\graphics</Filter>
    </ClInclude>
    <ClInclude Include="include\Hakool\Core\hkResourceGroup.h">
      <Filter>Header Files\resource</Filter>
    </ClInclude>
    <ClInclude Include="include\Hakool\Core\hkResourceManager.h">
      <Filter>Header Files\resource</Filter>
    </ClInclude>
    <ClInclude Include="include\Hakool\Core\hkScene.h">
      <Filter>Header Files\scene</Filter>
    </ClInclude>
    <ClInclude Include="include\Hakool\Core\hkSceneManager.h">
      <Filter>Header Files\scene</Filter>
    </ClInclude>
    <ClInclude Include="include\Hakool\Core\hkGameObject.h">
      <Filter>Header Files\scene</Filter>
    </ClInclude>
    <ClInclude Include="include\Hakool\Core\hkIGameObjectComponent.h">
      <Filter>Header Files\components</Filter>
    </ClInclude>
    <ClInclude Include="include\Hakool\Core\hkNode.h">
      <Filter>Header Files</Filter>
    </ClInclude>
    <ClInclude Include="include\Hakool\Core\hkCamera.h">
      <Filter>Header Files\graphics</Filter>
    </ClInclude>
    <ClInclude Include="include\Hakool\Core\hkIMesh.h">
      <Filter>Header Files\graphics</Filter>
    </ClInclude>
    <ClInclude Include="include\Hakool\Core\hkModel.h">
      <Filter>Header Files\graphics</Filter>
    </ClInclude>
    <ClInclude Include="include\Hakool\Core\hkModelComponent.h">
      <Filter>Header Files\components</Filter>
    </ClInclude>
    <ClInclude Include="include\Hakool\Core\hkMeshResourceGroup.h">
      <Filter>Header Files\resource</Filter>
    </ClInclude>
    <ClInclude Include="include\Hakool\Core\hkModelObserver.h">
      <Filter>Header Files\graphics</Filter>
    </ClInclude>
    <ClInclude Include="include\Hakool\Core\hkIResource.h">
      <Filter>Header Files\resource</Filter>
    </ClInclude>
  </ItemGroup>
</Project>